
Microsoft Visual Studio Solution File, Format Version 12.00
# Visual Studio 15
VisualStudioVersion = 15.0.27130.2024
MinimumVisualStudioVersion = 10.0.40219.1
Project("{9A19103F-16F7-4668-BE54-9A1E7A4F7556}") = "FNAPI", "FortniteAPI\FNAPI.csproj", "{C239A9BB-0E17-4E51-8771-459A6FE12D54}"
EndProject
Project("{9A19103F-16F7-4668-BE54-9A1E7A4F7556}") = "ExampleTest", "ExampleTest\ExampleTest.csproj", "{AEE70357-DF02-4ACD-93BB-039D4F4BC093}"
EndProject
Global
	GlobalSection(SolutionConfigurationPlatforms) = preSolution
		Debug|Any CPU = Debug|Any CPU
		Release|Any CPU = Release|Any CPU
	EndGlobalSection
	GlobalSection(ProjectConfigurationPlatforms) = postSolution
		{C239A9BB-0E17-4E51-8771-459A6FE12D54}.Debug|Any CPU.ActiveCfg = Debug|Any CPU
		{C239A9BB-0E17-4E51-8771-459A6FE12D54}.Debug|Any CPU.Build.0 = Debug|Any CPU
		{C239A9BB-0E17-4E51-8771-459A6FE12D54}.Release|Any CPU.ActiveCfg = Release|Any CPU
		{C239A9BB-0E17-4E51-8771-459A6FE12D54}.Release|Any CPU.Build.0 = Release|Any CPU
		{AEE70357-DF02-4ACD-93BB-039D4F4BC093}.Debug|Any CPU.ActiveCfg = Debug|Any CPU
		{AEE70357-DF02-4ACD-93BB-039D4F4BC093}.Debug|Any CPU.Build.0 = Debug|Any CPU
		{AEE70357-DF02-4ACD-93BB-039D4F4BC093}.Release|Any CPU.ActiveCfg = Release|Any CPU
		{AEE70357-DF02-4ACD-93BB-039D4F4BC093}.Release|Any CPU.Build.0 = Release|Any CPU
	EndGlobalSection
	GlobalSection(SolutionProperties) = preSolution
		HideSolutionNode = FALSE
	EndGlobalSection
	GlobalSection(ExtensibilityGlobals) = postSolution
		SolutionGuid = {683032B3-1553-4F8E-84BA-598B192605A2}
	EndGlobalSection
EndGlobal
